
Microsoft Visual Studio Solution File, Format Version 12.00
# Visual Studio Version 18
VisualStudioVersion = 18.1.11312.151
MinimumVisualStudioVersion = 10.0.40219.1
Project("{FAE04EC0-301F-11D3-BF4B-00C04F79EFBC}") = "Shared", "Shared\Shared.csproj", "{22F72E50-B86A-48A6-4252-6FDC98C636E8}"
EndProject
Project("{FAE04EC0-301F-11D3-BF4B-00C04F79EFBC}") = "WorkerService1", "WorkerService1\WorkerService1.csproj", "{651575C5-EA08-7F43-E45E-302601476AE4}"
EndProject
Project("{FAE04EC0-301F-11D3-BF4B-00C04F79EFBC}") = "MyApi", "MyApi\MyApi.csproj", "{E01D64B3-8BC0-40C8-9E46-6C240C0B26C4}"
EndProject
Project("{2150E333-8FDC-42A3-9474-1A3956D46DE8}") = "Solution Items", "Solution Items", "{8EC462FD-D22E-90A8-E5CE-7E832BA40C5D}"
	ProjectSection(SolutionItems) = preProject
		docker-compose.yml = docker-compose.yml
	EndProjectSection
EndProject
Project("{FAE04EC0-301F-11D3-BF4B-00C04F79EFBC}") = "DAL.Orders", "DAL.Orders\DAL.Orders.csproj", "{F28080D4-C9D2-48E7-B288-4F7CEB6E85F1}"
EndProject
Global
	GlobalSection(SolutionConfigurationPlatforms) = preSolution
		Debug|Any CPU = Debug|Any CPU
		Release|Any CPU = Release|Any CPU
	EndGlobalSection
	GlobalSection(ProjectConfigurationPlatforms) = postSolution
		{22F72E50-B86A-48A6-4252-6FDC98C636E8}.Debug|Any CPU.ActiveCfg = Debug|Any CPU
		{22F72E50-B86A-48A6-4252-6FDC98C636E8}.Debug|Any CPU.Build.0 = Debug|Any CPU
		{22F72E50-B86A-48A6-4252-6FDC98C636E8}.Release|Any CPU.ActiveCfg = Release|Any CPU
		{22F72E50-B86A-48A6-4252-6FDC98C636E8}.Release|Any CPU.Build.0 = Release|Any CPU
		{651575C5-EA08-7F43-E45E-302601476AE4}.Debug|Any CPU.ActiveCfg = Debug|Any CPU
		{651575C5-EA08-7F43-E45E-302601476AE4}.Debug|Any CPU.Build.0 = Debug|Any CPU
		{651575C5-EA08-7F43-E45E-302601476AE4}.Release|Any CPU.ActiveCfg = Release|Any CPU
		{651575C5-EA08-7F43-E45E-302601476AE4}.Release|Any CPU.Build.0 = Release|Any CPU
		{E01D64B3-8BC0-40C8-9E46-6C240C0B26C4}.Debug|Any CPU.ActiveCfg = Debug|Any CPU
		{E01D64B3-8BC0-40C8-9E46-6C240C0B26C4}.Debug|Any CPU.Build.0 = Debug|Any CPU
		{E01D64B3-8BC0-40C8-9E46-6C240C0B26C4}.Release|Any CPU.ActiveCfg = Release|Any CPU
		{E01D64B3-8BC0-40C8-9E46-6C240C0B26C4}.Release|Any CPU.Build.0 = Release|Any CPU
		{F28080D4-C9D2-48E7-B288-4F7CEB6E85F1}.Debug|Any CPU.ActiveCfg = Debug|Any CPU
		{F28080D4-C9D2-48E7-B288-4F7CEB6E85F1}.Debug|Any CPU.Build.0 = Debug|Any CPU
		{F28080D4-C9D2-48E7-B288-4F7CEB6E85F1}.Release|Any CPU.ActiveCfg = Release|Any CPU
		{F28080D4-C9D2-48E7-B288-4F7CEB6E85F1}.Release|Any CPU.Build.0 = Release|Any CPU
	EndGlobalSection
	GlobalSection(SolutionProperties) = preSolution
		HideSolutionNode = FALSE
	EndGlobalSection
	GlobalSection(ExtensibilityGlobals) = postSolution
		SolutionGuid = {AB23E31A-C3A6-46FF-9FFA-700A7E930757}
	EndGlobalSection
EndGlobal
